
Microsoft Visual Studio Solution File, Format Version 12.00
# Visual Studio Version 16
VisualStudioVersion = 16.0.30309.148
MinimumVisualStudioVersion = 10.0.40219.1
Project("{FAE04EC0-301F-11D3-BF4B-00C04F79EFBC}") = "LAB3_5SpamChecker", "LAB3_5SpamChecker\LAB3_5SpamChecker.csproj", "{45D9A945-FABF-4CC1-881B-5E2E863079B0}"
EndProject
Global
	GlobalSection(SolutionConfigurationPlatforms) = preSolution
		Debug|Any CPU = Debug|Any CPU
		Release|Any CPU = Release|Any CPU
	EndGlobalSection
	GlobalSection(ProjectConfigurationPlatforms) = postSolution
		{45D9A945-FABF-4CC1-881B-5E2E863079B0}.Debug|Any CPU.ActiveCfg = Debug|Any CPU
		{45D9A945-FABF-4CC1-881B-5E2E863079B0}.Debug|Any CPU.Build.0 = Debug|Any CPU
		{45D9A945-FABF-4CC1-881B-5E2E863079B0}.Release|Any CPU.ActiveCfg = Release|Any CPU
		{45D9A945-FABF-4CC1-881B-5E2E863079B0}.Release|Any CPU.Build.0 = Release|Any CPU
	EndGlobalSection
	GlobalSection(SolutionProperties) = preSolution
		HideSolutionNode = FALSE
	EndGlobalSection
	GlobalSection(ExtensibilityGlobals) = postSolution
		SolutionGuid = {B6F0457C-1FCB-4AE4-ABF8-5187517BA465}
	EndGlobalSection
EndGlobal
